# This file is automatically @generated by Cargo.
# It is not intended for manual editing.
version = 3

[[package]]
name = "fakeos"
version = "0.1.0"
dependencies = [
 "nasm-rs",
 "realjump",
]

[[package]]
name = "nasm-rs"
version = "0.1.8"
source = "registry+https://github.com/rust-lang/crates.io-index"
checksum = "d32e77172a32cfd76943af0c1c62a4d2dca70754d0c3b2ba7ba968289dc9b534"

[[package]]
name = "realjump"
version = "0.1.0"
